
Microsoft Visual Studio Solution File, Format Version 12.00
# Visual Studio Version 17
VisualStudioVersion = 17.7.34202.233
MinimumVisualStudioVersion = 10.0.40219.1
Project("{FAE04EC0-301F-11D3-BF4B-00C04F79EFBC}") = "Barunson.FamilyWeb", "Barunson.FamilyWeb.csproj", "{90E007C1-FE45-430E-BDB6-C80FC8C19DA1}"
EndProject
Global
	GlobalSection(SolutionConfigurationPlatforms) = preSolution
		Debug|Any CPU = Debug|Any CPU
		Release|Any CPU = Release|Any CPU
	EndGlobalSection
	GlobalSection(ProjectConfigurationPlatforms) = postSolution
		{90E007C1-FE45-430E-BDB6-C80FC8C19DA1}.Debug|Any CPU.ActiveCfg = Debug|Any CPU
		{90E007C1-FE45-430E-BDB6-C80FC8C19DA1}.Debug|Any CPU.Build.0 = Debug|Any CPU
		{90E007C1-FE45-430E-BDB6-C80FC8C19DA1}.Release|Any CPU.ActiveCfg = Release|Any CPU
		{90E007C1-FE45-430E-BDB6-C80FC8C19DA1}.Release|Any CPU.Build.0 = Release|Any CPU
	EndGlobalSection
	GlobalSection(SolutionProperties) = preSolution
		HideSolutionNode = FALSE
	EndGlobalSection
	GlobalSection(ExtensibilityGlobals) = postSolution
		SolutionGuid = {4394BB1E-DF84-4FDA-9AB2-E83484F9C3AC}
	EndGlobalSection
EndGlobal
